# THIS IS AN AUTOGENERATED FILE. DO NOT EDIT THIS FILE DIRECTLY.
# yarn lockfile v1


fast-xml-parser@^5.3.4:
  version "5.3.4"
  resolved "https://registry.yarnpkg.com/fast-xml-parser/-/fast-xml-parser-5.3.4.tgz#06f39aafffdbc97bef0321e626c7ddd06a043ecf"
  integrity sha512-EFd6afGmXlCx8H8WTZHhAoDaWaGyuIBoZJ2mknrNxug+aZKjkp0a0dlars9Izl+jF+7Gu1/5f/2h68cQpe0IiA==
  dependencies:
    strnum "^2.1.0"

strnum@^2.1.0:
  version "2.1.2"
  resolved "https://registry.yarnpkg.com/strnum/-/strnum-2.1.2.tgz#a5e00ba66ab25f9cafa3726b567ce7a49170937a"
  integrity sha512-l63NF9y/cLROq/yqKXSLtcMeeyOfnSQlfMSlzFt/K73oIaD8DGaQWd7Z34X9GPiKqP5rbSh84Hl4bOlLcjiSrQ==
