# THIS IS AN AUTOGENERATED FILE. DO NOT EDIT THIS FILE DIRECTLY.
# yarn lockfile v1


fast-xml-parser@^4.5.0:
  version "4.5.5"
  resolved "https://registry.yarnpkg.com/fast-xml-parser/-/fast-xml-parser-4.5.5.tgz#c873d9ba4a589eae7010929bb891db5289d852d3"
  integrity sha512-cK9c5I/DwIOI7/Q7AlGN3DuTdwN61gwSfL8rvuVPK+0mcCNHHGxRrpiFtaZZRfRMJL3Gl8B2AFlBG6qXf03w9A==
  dependencies:
    strnum "^1.0.5"

strnum@^1.0.5:
  version "1.0.5"
  resolved "https://registry.yarnpkg.com/strnum/-/strnum-1.0.5.tgz#5c4e829fe15ad4ff0d20c3db5ac97b73c9b072db"
  integrity sha512-J8bbNyKKXl5qYcR36TIO8W3mVGVHrmmxsd5PAItGkmyzwJvybiw2IVq5nqd0i4LSNSkB/sx9VHllbfFdr9k1JA==
