# THIS IS AN AUTOGENERATED FILE. DO NOT EDIT THIS FILE DIRECTLY.
# yarn lockfile v1


"@garmin/fitsdk@^21.126.0":
  version "21.126.0"
  resolved "https://registry.yarnpkg.com/@garmin/fitsdk/-/fitsdk-21.126.0.tgz#d7e94d47380da3e91788b15794c9742439684e69"
  integrity sha512-gMJhJFYCpjU6BdiFpPogzVTjih/9nD7xll5njS9gGZqLRt1HPmARNH1V6MV8MPfRp48PSEV1Dx7GLfkayCRF7Q==
